
Microsoft Visual Studio Solution File, Format Version 12.00
# Visual Studio 15
VisualStudioVersion = 15.0.27703.2026
MinimumVisualStudioVersion = 10.0.40219.1
Project("{9A19103F-16F7-4668-BE54-9A1E7A4F7556}") = "Bot.Builder.Community.Dialogs.FormFlow", "Library\Bot.Builder.Community.Dialogs.FormFlow.csproj", "{BD402D58-5007-4E2A-9114-2EAA33BD5C38}"
EndProject
Project("{9A19103F-16F7-4668-BE54-9A1E7A4F7556}") = "Microsoft.Bot.Builder.TestBot", "Sample\Form Flow Sample\Microsoft.Bot.Builder.TestBot.csproj", "{BF92D908-5C75-4B58-B288-B3A079F26B14}"
EndProject
Global
	GlobalSection(SolutionConfigurationPlatforms) = preSolution
		Debug - NuGet Packages|Any CPU = Debug - NuGet Packages|Any CPU
		Debug|Any CPU = Debug|Any CPU
		Documentation|Any CPU = Documentation|Any CPU
		Release|Any CPU = Release|Any CPU
	EndGlobalSection
	GlobalSection(ProjectConfigurationPlatforms) = postSolution
		{BD402D58-5007-4E2A-9114-2EAA33BD5C38}.Debug - NuGet Packages|Any CPU.ActiveCfg = Debug - NuGet Packages|Any CPU
		{BD402D58-5007-4E2A-9114-2EAA33BD5C38}.Debug - NuGet Packages|Any CPU.Build.0 = Debug - NuGet Packages|Any CPU
		{BD402D58-5007-4E2A-9114-2EAA33BD5C38}.Debug|Any CPU.ActiveCfg = Debug|Any CPU
		{BD402D58-5007-4E2A-9114-2EAA33BD5C38}.Debug|Any CPU.Build.0 = Debug|Any CPU
		{BD402D58-5007-4E2A-9114-2EAA33BD5C38}.Documentation|Any CPU.ActiveCfg = Documentation|Any CPU
		{BD402D58-5007-4E2A-9114-2EAA33BD5C38}.Documentation|Any CPU.Build.0 = Documentation|Any CPU
		{BD402D58-5007-4E2A-9114-2EAA33BD5C38}.Release|Any CPU.ActiveCfg = Release|Any CPU
		{BD402D58-5007-4E2A-9114-2EAA33BD5C38}.Release|Any CPU.Build.0 = Release|Any CPU
		{BF92D908-5C75-4B58-B288-B3A079F26B14}.Debug - NuGet Packages|Any CPU.ActiveCfg = Debug|Any CPU
		{BF92D908-5C75-4B58-B288-B3A079F26B14}.Debug - NuGet Packages|Any CPU.Build.0 = Debug|Any CPU
		{BF92D908-5C75-4B58-B288-B3A079F26B14}.Debug|Any CPU.ActiveCfg = Debug|Any CPU
		{BF92D908-5C75-4B58-B288-B3A079F26B14}.Debug|Any CPU.Build.0 = Debug|Any CPU
		{BF92D908-5C75-4B58-B288-B3A079F26B14}.Documentation|Any CPU.ActiveCfg = Debug|Any CPU
		{BF92D908-5C75-4B58-B288-B3A079F26B14}.Documentation|Any CPU.Build.0 = Debug|Any CPU
		{BF92D908-5C75-4B58-B288-B3A079F26B14}.Release|Any CPU.ActiveCfg = Release|Any CPU
		{BF92D908-5C75-4B58-B288-B3A079F26B14}.Release|Any CPU.Build.0 = Release|Any CPU
	EndGlobalSection
	GlobalSection(SolutionProperties) = preSolution
		HideSolutionNode = FALSE
	EndGlobalSection
	GlobalSection(ExtensibilityGlobals) = postSolution
		SolutionGuid = {491646E9-44F6-4B2A-A2DA-A6E4F35DD8AF}
	EndGlobalSection
EndGlobal
